
Microsoft Visual Studio Solution File, Format Version 12.00
# Visual Studio 15
VisualStudioVersion = 15.0.26430.4
MinimumVisualStudioVersion = 10.0.40219.1
Project("{FAE04EC0-301F-11D3-BF4B-00C04F79EFBC}") = "HigLabo.Converter._Net_4_0", "HigLabo.Converter\HigLabo.Converter._Net_4_0.csproj", "{D7D2AFDB-E3C8-4309-B3F6-955CCE3FE65F}"
EndProject
Project("{FAE04EC0-301F-11D3-BF4B-00C04F79EFBC}") = "HigLabo.Converter._Net_3_5", "HigLabo.Converter\HigLabo.Converter._Net_3_5.csproj", "{EBD73A16-7C6D-45CB-B31D-B66CBC928618}"
EndProject
Project("{FAE04EC0-301F-11D3-BF4B-00C04F79EFBC}") = "HigLabo.Core", "HigLabo.Core\HigLabo.Core.csproj", "{441A7010-4948-4187-8688-AB964A70C7FE}"
EndProject
Project("{FAE04EC0-301F-11D3-BF4B-00C04F79EFBC}") = "HigLabo.Core._Net_4_0", "HigLabo.Core\HigLabo.Core._Net_4_0.csproj", "{9CD42A61-68BF-4CA8-B3FC-A815E5E3E405}"
EndProject
Project("{FAE04EC0-301F-11D3-BF4B-00C04F79EFBC}") = "HigLabo.Core._Pcl_4_0_3", "HigLabo.Core\HigLabo.Core._Pcl_4_0_3.csproj", "{75628E17-D8E2-458D-857F-2A1C96A327F5}"
EndProject
Project("{FAE04EC0-301F-11D3-BF4B-00C04F79EFBC}") = "HigLabo.Data._Net_3_5", "HigLabo.Data\HigLabo.Data._Net_3_5.csproj", "{141F3E91-EB12-4198-ACC5-F1F194A6842C}"
EndProject
Project("{FAE04EC0-301F-11D3-BF4B-00C04F79EFBC}") = "HigLabo.Data.MySql", "HigLabo.Data.MySql\HigLabo.Data.MySql.csproj", "{48B03E2E-72B8-4EDC-BCB1-BE19E23A6A1C}"
EndProject
Project("{FAE04EC0-301F-11D3-BF4B-00C04F79EFBC}") = "HigLabo.Data.Oracle._Net_4_0", "HigLabo.Data.Oracle\HigLabo.Data.Oracle._Net_4_0.csproj", "{0F0CE0E5-EB11-44F6-90D7-7C384BDA6620}"
EndProject
Project("{FAE04EC0-301F-11D3-BF4B-00C04F79EFBC}") = "HigLabo.Data.PostgreSql", "HigLabo.Data.PostgreSql\HigLabo.Data.PostgreSql.csproj", "{35838DE8-FEDE-4464-97F2-82093E2E4A97}"
EndProject
Project("{FAE04EC0-301F-11D3-BF4B-00C04F79EFBC}") = "HigLabo.Data.SQLite", "HigLabo.Data.SQLite\HigLabo.Data.SQLite.csproj", "{B191A07D-CF5D-4E5F-AC2A-0B7C0B57A685}"
EndProject
Project("{FAE04EC0-301F-11D3-BF4B-00C04F79EFBC}") = "HigLabo.Net", "HigLabo.Net\HigLabo.Net.csproj", "{89E24872-799B-463F-B611-1112A00FC82F}"
EndProject
Project("{FAE04EC0-301F-11D3-BF4B-00C04F79EFBC}") = "HigLabo.Mime", "HigLabo.Mime\HigLabo.Mime.csproj", "{BEBCD297-E800-4957-A60B-360E8F0706EB}"
EndProject
Project("{FAE04EC0-301F-11D3-BF4B-00C04F79EFBC}") = "HigLabo.Mime._Net_3_5", "HigLabo.Mime\HigLabo.Mime._Net_3_5.csproj", "{FCA14D66-E5B9-4540-B936-688AE1C76564}"
EndProject
Project("{FAE04EC0-301F-11D3-BF4B-00C04F79EFBC}") = "HigLabo.Mail._Net_3_5", "HigLabo.Mail\HigLabo.Mail._Net_3_5.csproj", "{5223EF03-CF8A-4248-858B-BA4453C85912}"
EndProject
Project("{FAE04EC0-301F-11D3-BF4B-00C04F79EFBC}") = "HigLabo.Net._Net_3_5", "HigLabo.Net\HigLabo.Net._Net_3_5.csproj", "{B8EA5E34-CA92-4B97-A486-2CF902F7DE05}"
EndProject
Project("{FAE04EC0-301F-11D3-BF4B-00C04F79EFBC}") = "HigLabo.Core._Net_3_5", "HigLabo.Core\HigLabo.Core._Net_3_5.csproj", "{C27C620B-59E3-4E7D-A7F4-85C9C7A76EDE}"
EndProject
Project("{FAE04EC0-301F-11D3-BF4B-00C04F79EFBC}") = "HigLabo.Converter._Pcl_4_0_3", "HigLabo.Converter\HigLabo.Converter._Pcl_4_0_3.csproj", "{1B39B485-FD79-44A5-A7B5-1B43A5ADC616}"
EndProject
Project("{FAE04EC0-301F-11D3-BF4B-00C04F79EFBC}") = "HigLabo.Converter", "HigLabo.Converter\HigLabo.Converter.csproj", "{757964E0-B391-48EB-AD04-D9C41091CFB5}"
EndProject
Project("{FAE04EC0-301F-11D3-BF4B-00C04F79EFBC}") = "HigLabo.Mail", "HigLabo.Mail\HigLabo.Mail.csproj", "{1B28456C-6678-4282-A4B6-5F6EB6E5F3A4}"
EndProject
Project("{FAE04EC0-301F-11D3-BF4B-00C04F79EFBC}") = "HigLabo.Rss", "HigLabo.Rss\HigLabo.Rss.csproj", "{7695B2C2-9977-41DD-8BF7-FA022C7582D8}"
EndProject
Project("{FAE04EC0-301F-11D3-BF4B-00C04F79EFBC}") = "HigLabo.Rss._Net_3_5", "HigLabo.Rss\HigLabo.Rss._Net_3_5.csproj", "{A81F5C44-AAC3-4858-ABC0-CFBC239BA79B}"
EndProject
Project("{FAE04EC0-301F-11D3-BF4B-00C04F79EFBC}") = "HigLabo.Data", "HigLabo.Data\HigLabo.Data.csproj", "{62F12426-293B-43B8-A324-C135EB325F41}"
EndProject
Project("{FAE04EC0-301F-11D3-BF4B-00C04F79EFBC}") = "HigLabo.Data.Oracle", "HigLabo.Data.Oracle\HigLabo.Data.Oracle.csproj", "{6495D6F8-6D0C-44F5-B93A-6408DB04464F}"
EndProject
Project("{FAE04EC0-301F-11D3-BF4B-00C04F79EFBC}") = "HigLabo.Net._Pcl_4_0_3", "HigLabo.Net\HigLabo.Net._Pcl_4_0_3.csproj", "{A44D816C-AC53-4C61-A4C5-4D92DC5A2C56}"
EndProject
Project("{FAE04EC0-301F-11D3-BF4B-00C04F79EFBC}") = "HigLabo.Rss._Pcl_4_0_3", "HigLabo.Rss\HigLabo.Rss._Pcl_4_0_3.csproj", "{3B40F94F-9783-488D-BA36-503778A69CF0}"
EndProject
Project("{FAE04EC0-301F-11D3-BF4B-00C04F79EFBC}") = "HigLabo.Net.Ftp", "HigLabo.Net.Ftp\HigLabo.Net.Ftp.csproj", "{97CFC220-E53E-4686-BE5F-B4D02FDAD9A9}"
EndProject
Project("{FAE04EC0-301F-11D3-BF4B-00C04F79EFBC}") = "HigLabo.Net.Ftp._Net_3_5", "HigLabo.Net.Ftp\HigLabo.Net.Ftp._Net_3_5.csproj", "{A7921CB4-6E11-4B67-B634-2DB4EDE27129}"
EndProject
Project("{FAE04EC0-301F-11D3-BF4B-00C04F79EFBC}") = "HigLabo.Net._Net_4_0", "HigLabo.Net\HigLabo.Net._Net_4_0.csproj", "{05151372-0456-44CA-B81E-3082869F1D8B}"
EndProject
Project("{FAE04EC0-301F-11D3-BF4B-00C04F79EFBC}") = "HigLabo.Rss._Net_4_0", "HigLabo.Rss\HigLabo.Rss._Net_4_0.csproj", "{C3C9D384-EAAD-4B3A-80F0-8CF8E5B83D65}"
EndProject
Project("{FAE04EC0-301F-11D3-BF4B-00C04F79EFBC}") = "HigLabo.Net.Ftp._Net_4_0", "HigLabo.Net.Ftp\HigLabo.Net.Ftp._Net_4_0.csproj", "{F954FF2E-0307-4EF6-A1E8-B4C01403CA68}"
EndProject
Project("{FAE04EC0-301F-11D3-BF4B-00C04F79EFBC}") = "HigLabo.Web", "HigLabo.Web\HigLabo.Web.csproj", "{68E672D6-9C77-4352-BC74-B714222484B9}"
EndProject
Project("{FAE04EC0-301F-11D3-BF4B-00C04F79EFBC}") = "HigLabo.Wpf", "HigLabo.Wpf\HigLabo.Wpf.csproj", "{BD040A0F-AE1E-48D8-902A-2770CF324C39}"
EndProject
Project("{FAE04EC0-301F-11D3-BF4B-00C04F79EFBC}") = "HigLabo.Mapper", "HigLabo.Mapper\HigLabo.Mapper.csproj", "{937ADAAA-3B53-446A-91D6-07673BE9948C}"
EndProject
Project("{FAE04EC0-301F-11D3-BF4B-00C04F79EFBC}") = "HigLabo.Net.Twitter", "HigLabo.Net.Twitter\HigLabo.Net.Twitter.csproj", "{A63FCBEC-5013-4EE8-A923-28863F6A82AE}"
EndProject
Project("{FAE04EC0-301F-11D3-BF4B-00C04F79EFBC}") = "HigLabo.CodeGenerator", "HigLabo.CodeGenerator\HigLabo.CodeGenerator.csproj", "{3B2C4135-4706-4E74-8677-54CEBEA1AC4D}"
EndProject
Project("{FAE04EC0-301F-11D3-BF4B-00C04F79EFBC}") = "HigLabo.CodeGenerator.Json", "HigLabo.CodeGenerator.Json\HigLabo.CodeGenerator.Json.csproj", "{2B8ACD14-8C3D-436B-9868-83D2E2741ABA}"
EndProject
Project("{FAE04EC0-301F-11D3-BF4B-00C04F79EFBC}") = "HigLabo.CodeGenerator.Twitter", "HigLabo.CodeGenerator.Twitter\HigLabo.CodeGenerator.Twitter.csproj", "{51E416CC-B237-4033-B6CA-20834F1D90FE}"
EndProject
Project("{FAE04EC0-301F-11D3-BF4B-00C04F79EFBC}") = "HigLabo.Net.Vimeo", "HigLabo.Net.Vimeo\HigLabo.Net.Vimeo.csproj", "{2A404663-88FA-445D-83A6-3E6EBE2BCFAB}"
EndProject
Project("{FAE04EC0-301F-11D3-BF4B-00C04F79EFBC}") = "HigLabo.Net.Dailymotion", "HigLabo.Net.Dailymotion\HigLabo.Net.Dailymotion.csproj", "{25606E8F-DF35-4701-8FDC-323C1FAF5ECD}"
EndProject
Project("{FAE04EC0-301F-11D3-BF4B-00C04F79EFBC}") = "HigLabo.CodeGenerator.Vimeo", "HigLabo.CodeGenerator.Vimeo\HigLabo.CodeGenerator.Vimeo.csproj", "{173E1242-ADCB-4EB9-8443-A49807B7D093}"
EndProject
Project("{FAE04EC0-301F-11D3-BF4B-00C04F79EFBC}") = "HigLabo.NugetManagementApplication", "HigLabo.NugetManagementApplication\HigLabo.NugetManagementApplication.csproj", "{10FB5EF5-9C9D-4AB1-A3F9-F0D23F59B960}"
EndProject
Project("{FAE04EC0-301F-11D3-BF4B-00C04F79EFBC}") = "HigLabo.Bot.Facebook", "HigLabo.Bot.Facebook\HigLabo.Bot.Facebook.csproj", "{AF737604-EC1B-4A34-AB70-F92199659F2F}"
EndProject
Project("{FAE04EC0-301F-11D3-BF4B-00C04F79EFBC}") = "HigLabo.Bot.Line", "HigLabo.Bot.Line\HigLabo.Bot.Line.csproj", "{7E59D8B1-1186-4F92-A14F-460D044B0E63}"
EndProject
Global
	GlobalSection(SolutionConfigurationPlatforms) = preSolution
		Debug|Any CPU = Debug|Any CPU
		Release|Any CPU = Release|Any CPU
	EndGlobalSection
	GlobalSection(ProjectConfigurationPlatforms) = postSolution
		{D7D2AFDB-E3C8-4309-B3F6-955CCE3FE65F}.Debug|Any CPU.ActiveCfg = Debug|Any CPU
		{D7D2AFDB-E3C8-4309-B3F6-955CCE3FE65F}.Debug|Any CPU.Build.0 = Debug|Any CPU
		{D7D2AFDB-E3C8-4309-B3F6-955CCE3FE65F}.Release|Any CPU.ActiveCfg = Release|Any CPU
		{D7D2AFDB-E3C8-4309-B3F6-955CCE3FE65F}.Release|Any CPU.Build.0 = Release|Any CPU
		{EBD73A16-7C6D-45CB-B31D-B66CBC928618}.Debug|Any CPU.ActiveCfg = Debug|Any CPU
		{EBD73A16-7C6D-45CB-B31D-B66CBC928618}.Debug|Any CPU.Build.0 = Debug|Any CPU
		{EBD73A16-7C6D-45CB-B31D-B66CBC928618}.Release|Any CPU.ActiveCfg = Release|Any CPU
		{EBD73A16-7C6D-45CB-B31D-B66CBC928618}.Release|Any CPU.Build.0 = Release|Any CPU
		{441A7010-4948-4187-8688-AB964A70C7FE}.Debug|Any CPU.ActiveCfg = Debug|Any CPU
		{441A7010-4948-4187-8688-AB964A70C7FE}.Debug|Any CPU.Build.0 = Debug|Any CPU
		{441A7010-4948-4187-8688-AB964A70C7FE}.Release|Any CPU.ActiveCfg = Release|Any CPU
		{441A7010-4948-4187-8688-AB964A70C7FE}.Release|Any CPU.Build.0 = Release|Any CPU
		{9CD42A61-68BF-4CA8-B3FC-A815E5E3E405}.Debug|Any CPU.ActiveCfg = Debug|Any CPU
		{9CD42A61-68BF-4CA8-B3FC-A815E5E3E405}.Debug|Any CPU.Build.0 = Debug|Any CPU
		{9CD42A61-68BF-4CA8-B3FC-A815E5E3E405}.Release|Any CPU.ActiveCfg = Release|Any CPU
		{9CD42A61-68BF-4CA8-B3FC-A815E5E3E405}.Release|Any CPU.Build.0 = Release|Any CPU
		{75628E17-D8E2-458D-857F-2A1C96A327F5}.Debug|Any CPU.ActiveCfg = Debug|Any CPU
		{75628E17-D8E2-458D-857F-2A1C96A327F5}.Debug|Any CPU.Build.0 = Debug|Any CPU
		{75628E17-D8E2-458D-857F-2A1C96A327F5}.Release|Any CPU.ActiveCfg = Release|Any CPU
		{75628E17-D8E2-458D-857F-2A1C96A327F5}.Release|Any CPU.Build.0 = Release|Any CPU
		{141F3E91-EB12-4198-ACC5-F1F194A6842C}.Debug|Any CPU.ActiveCfg = Debug|Any CPU
		{141F3E91-EB12-4198-ACC5-F1F194A6842C}.Debug|Any CPU.Build.0 = Debug|Any CPU
		{141F3E91-EB12-4198-ACC5-F1F194A6842C}.Release|Any CPU.ActiveCfg = Release|Any CPU
		{141F3E91-EB12-4198-ACC5-F1F194A6842C}.Release|Any CPU.Build.0 = Release|Any CPU
		{48B03E2E-72B8-4EDC-BCB1-BE19E23A6A1C}.Debug|Any CPU.ActiveCfg = Debug|Any CPU
		{48B03E2E-72B8-4EDC-BCB1-BE19E23A6A1C}.Debug|Any CPU.Build.0 = Debug|Any CPU
		{48B03E2E-72B8-4EDC-BCB1-BE19E23A6A1C}.Release|Any CPU.ActiveCfg = Release|Any CPU
		{48B03E2E-72B8-4EDC-BCB1-BE19E23A6A1C}.Release|Any CPU.Build.0 = Release|Any CPU
		{0F0CE0E5-EB11-44F6-90D7-7C384BDA6620}.Debug|Any CPU.ActiveCfg = Debug|Any CPU
		{0F0CE0E5-EB11-44F6-90D7-7C384BDA6620}.Debug|Any CPU.Build.0 = Debug|Any CPU
		{0F0CE0E5-EB11-44F6-90D7-7C384BDA6620}.Release|Any CPU.ActiveCfg = Release|Any CPU
		{0F0CE0E5-EB11-44F6-90D7-7C384BDA6620}.Release|Any CPU.Build.0 = Release|Any CPU
		{35838DE8-FEDE-4464-97F2-82093E2E4A97}.Debug|Any CPU.ActiveCfg = Debug|Any CPU
		{35838DE8-FEDE-4464-97F2-82093E2E4A97}.Debug|Any CPU.Build.0 = Debug|Any CPU
		{35838DE8-FEDE-4464-97F2-82093E2E4A97}.Release|Any CPU.ActiveCfg = Release|Any CPU
		{35838DE8-FEDE-4464-97F2-82093E2E4A97}.Release|Any CPU.Build.0 = Release|Any CPU
		{B191A07D-CF5D-4E5F-AC2A-0B7C0B57A685}.Debug|Any CPU.ActiveCfg = Debug|Any CPU
		{B191A07D-CF5D-4E5F-AC2A-0B7C0B57A685}.Debug|Any CPU.Build.0 = Debug|Any CPU
		{B191A07D-CF5D-4E5F-AC2A-0B7C0B57A685}.Release|Any CPU.ActiveCfg = Release|Any CPU
		{B191A07D-CF5D-4E5F-AC2A-0B7C0B57A685}.Release|Any CPU.Build.0 = Release|Any CPU
		{89E24872-799B-463F-B611-1112A00FC82F}.Debug|Any CPU.ActiveCfg = Debug|Any CPU
		{89E24872-799B-463F-B611-1112A00FC82F}.Debug|Any CPU.Build.0 = Debug|Any CPU
		{89E24872-799B-463F-B611-1112A00FC82F}.Release|Any CPU.ActiveCfg = Release|Any CPU
		{89E24872-799B-463F-B611-1112A00FC82F}.Release|Any CPU.Build.0 = Release|Any CPU
		{BEBCD297-E800-4957-A60B-360E8F0706EB}.Debug|Any CPU.ActiveCfg = Debug|Any CPU
		{BEBCD297-E800-4957-A60B-360E8F0706EB}.Debug|Any CPU.Build.0 = Debug|Any CPU
		{BEBCD297-E800-4957-A60B-360E8F0706EB}.Release|Any CPU.ActiveCfg = Release|Any CPU
		{BEBCD297-E800-4957-A60B-360E8F0706EB}.Release|Any CPU.Build.0 = Release|Any CPU
		{FCA14D66-E5B9-4540-B936-688AE1C76564}.Debug|Any CPU.ActiveCfg = Debug|Any CPU
		{FCA14D66-E5B9-4540-B936-688AE1C76564}.Debug|Any CPU.Build.0 = Debug|Any CPU
		{FCA14D66-E5B9-4540-B936-688AE1C76564}.Release|Any CPU.ActiveCfg = Release|Any CPU
		{FCA14D66-E5B9-4540-B936-688AE1C76564}.Release|Any CPU.Build.0 = Release|Any CPU
		{5223EF03-CF8A-4248-858B-BA4453C85912}.Debug|Any CPU.ActiveCfg = Debug|Any CPU
		{5223EF03-CF8A-4248-858B-BA4453C85912}.Debug|Any CPU.Build.0 = Debug|Any CPU
		{5223EF03-CF8A-4248-858B-BA4453C85912}.Release|Any CPU.ActiveCfg = Release|Any CPU
		{5223EF03-CF8A-4248-858B-BA4453C85912}.Release|Any CPU.Build.0 = Release|Any CPU
		{B8EA5E34-CA92-4B97-A486-2CF902F7DE05}.Debug|Any CPU.ActiveCfg = Debug|Any CPU
		{B8EA5E34-CA92-4B97-A486-2CF902F7DE05}.Debug|Any CPU.Build.0 = Debug|Any CPU
		{B8EA5E34-CA92-4B97-A486-2CF902F7DE05}.Release|Any CPU.ActiveCfg = Release|Any CPU
		{B8EA5E34-CA92-4B97-A486-2CF902F7DE05}.Release|Any CPU.Build.0 = Release|Any CPU
		{C27C620B-59E3-4E7D-A7F4-85C9C7A76EDE}.Debug|Any CPU.ActiveCfg = Debug|Any CPU
		{C27C620B-59E3-4E7D-A7F4-85C9C7A76EDE}.Debug|Any CPU.Build.0 = Debug|Any CPU
		{C27C620B-59E3-4E7D-A7F4-85C9C7A76EDE}.Release|Any CPU.ActiveCfg = Release|Any CPU
		{C27C620B-59E3-4E7D-A7F4-85C9C7A76EDE}.Release|Any CPU.Build.0 = Release|Any CPU
		{1B39B485-FD79-44A5-A7B5-1B43A5ADC616}.Debug|Any CPU.ActiveCfg = Debug|Any CPU
		{1B39B485-FD79-44A5-A7B5-1B43A5ADC616}.Debug|Any CPU.Build.0 = Debug|Any CPU
		{1B39B485-FD79-44A5-A7B5-1B43A5ADC616}.Release|Any CPU.ActiveCfg = Release|Any CPU
		{1B39B485-FD79-44A5-A7B5-1B43A5ADC616}.Release|Any CPU.Build.0 = Release|Any CPU
		{757964E0-B391-48EB-AD04-D9C41091CFB5}.Debug|Any CPU.ActiveCfg = Debug|Any CPU
		{757964E0-B391-48EB-AD04-D9C41091CFB5}.Debug|Any CPU.Build.0 = Debug|Any CPU
		{757964E0-B391-48EB-AD04-D9C41091CFB5}.Release|Any CPU.ActiveCfg = Release|Any CPU
		{757964E0-B391-48EB-AD04-D9C41091CFB5}.Release|Any CPU.Build.0 = Release|Any CPU
		{1B28456C-6678-4282-A4B6-5F6EB6E5F3A4}.Debug|Any CPU.ActiveCfg = Debug|Any CPU
		{1B28456C-6678-4282-A4B6-5F6EB6E5F3A4}.Debug|Any CPU.Build.0 = Debug|Any CPU
		{1B28456C-6678-4282-A4B6-5F6EB6E5F3A4}.Release|Any CPU.ActiveCfg = Release|Any CPU
		{1B28456C-6678-4282-A4B6-5F6EB6E5F3A4}.Release|Any CPU.Build.0 = Release|Any CPU
		{7695B2C2-9977-41DD-8BF7-FA022C7582D8}.Debug|Any CPU.ActiveCfg = Debug|Any CPU
		{7695B2C2-9977-41DD-8BF7-FA022C7582D8}.Debug|Any CPU.Build.0 = Debug|Any CPU
		{7695B2C2-9977-41DD-8BF7-FA022C7582D8}.Release|Any CPU.ActiveCfg = Release|Any CPU
		{7695B2C2-9977-41DD-8BF7-FA022C7582D8}.Release|Any CPU.Build.0 = Release|Any CPU
		{A81F5C44-AAC3-4858-ABC0-CFBC239BA79B}.Debug|Any CPU.ActiveCfg = Debug|Any CPU
		{A81F5C44-AAC3-4858-ABC0-CFBC239BA79B}.Debug|Any CPU.Build.0 = Debug|Any CPU
		{A81F5C44-AAC3-4858-ABC0-CFBC239BA79B}.Release|Any CPU.ActiveCfg = Release|Any CPU
		{A81F5C44-AAC3-4858-ABC0-CFBC239BA79B}.Release|Any CPU.Build.0 = Release|Any CPU
		{62F12426-293B-43B8-A324-C135EB325F41}.Debug|Any CPU.ActiveCfg = Debug|Any CPU
		{62F12426-293B-43B8-A324-C135EB325F41}.Debug|Any CPU.Build.0 = Debug|Any CPU
		{62F12426-293B-43B8-A324-C135EB325F41}.Release|Any CPU.ActiveCfg = Release|Any CPU
		{62F12426-293B-43B8-A324-C135EB325F41}.Release|Any CPU.Build.0 = Release|Any CPU
		{6495D6F8-6D0C-44F5-B93A-6408DB04464F}.Debug|Any CPU.ActiveCfg = Debug|Any CPU
		{6495D6F8-6D0C-44F5-B93A-6408DB04464F}.Debug|Any CPU.Build.0 = Debug|Any CPU
		{6495D6F8-6D0C-44F5-B93A-6408DB04464F}.Release|Any CPU.ActiveCfg = Release|Any CPU
		{6495D6F8-6D0C-44F5-B93A-6408DB04464F}.Release|Any CPU.Build.0 = Release|Any CPU
		{A44D816C-AC53-4C61-A4C5-4D92DC5A2C56}.Debug|Any CPU.ActiveCfg = Debug|Any CPU
		{A44D816C-AC53-4C61-A4C5-4D92DC5A2C56}.Debug|Any CPU.Build.0 = Debug|Any CPU
		{A44D816C-AC53-4C61-A4C5-4D92DC5A2C56}.Release|Any CPU.ActiveCfg = Release|Any CPU
		{A44D816C-AC53-4C61-A4C5-4D92DC5A2C56}.Release|Any CPU.Build.0 = Release|Any CPU
		{3B40F94F-9783-488D-BA36-503778A69CF0}.Debug|Any CPU.ActiveCfg = Debug|Any CPU
		{3B40F94F-9783-488D-BA36-503778A69CF0}.Debug|Any CPU.Build.0 = Debug|Any CPU
		{3B40F94F-9783-488D-BA36-503778A69CF0}.Release|Any CPU.ActiveCfg = Release|Any CPU
		{3B40F94F-9783-488D-BA36-503778A69CF0}.Release|Any CPU.Build.0 = Release|Any CPU
		{97CFC220-E53E-4686-BE5F-B4D02FDAD9A9}.Debug|Any CPU.ActiveCfg = Debug|Any CPU
		{97CFC220-E53E-4686-BE5F-B4D02FDAD9A9}.Debug|Any CPU.Build.0 = Debug|Any CPU
		{97CFC220-E53E-4686-BE5F-B4D02FDAD9A9}.Release|Any CPU.ActiveCfg = Release|Any CPU
		{97CFC220-E53E-4686-BE5F-B4D02FDAD9A9}.Release|Any CPU.Build.0 = Release|Any CPU
		{A7921CB4-6E11-4B67-B634-2DB4EDE27129}.Debug|Any CPU.ActiveCfg = Debug|Any CPU
		{A7921CB4-6E11-4B67-B634-2DB4EDE27129}.Debug|Any CPU.Build.0 = Debug|Any CPU
		{A7921CB4-6E11-4B67-B634-2DB4EDE27129}.Release|Any CPU.ActiveCfg = Release|Any CPU
		{A7921CB4-6E11-4B67-B634-2DB4EDE27129}.Release|Any CPU.Build.0 = Release|Any CPU
		{05151372-0456-44CA-B81E-3082869F1D8B}.Debug|Any CPU.ActiveCfg = Debug|Any CPU
		{05151372-0456-44CA-B81E-3082869F1D8B}.Debug|Any CPU.Build.0 = Debug|Any CPU
		{05151372-0456-44CA-B81E-3082869F1D8B}.Release|Any CPU.ActiveCfg = Release|Any CPU
		{05151372-0456-44CA-B81E-3082869F1D8B}.Release|Any CPU.Build.0 = Release|Any CPU
		{C3C9D384-EAAD-4B3A-80F0-8CF8E5B83D65}.Debug|Any CPU.ActiveCfg = Debug|Any CPU
		{C3C9D384-EAAD-4B3A-80F0-8CF8E5B83D65}.Debug|Any CPU.Build.0 = Debug|Any CPU
		{C3C9D384-EAAD-4B3A-80F0-8CF8E5B83D65}.Release|Any CPU.ActiveCfg = Release|Any CPU
		{C3C9D384-EAAD-4B3A-80F0-8CF8E5B83D65}.Release|Any CPU.Build.0 = Release|Any CPU
		{F954FF2E-0307-4EF6-A1E8-B4C01403CA68}.Debug|Any CPU.ActiveCfg = Debug|Any CPU
		{F954FF2E-0307-4EF6-A1E8-B4C01403CA68}.Debug|Any CPU.Build.0 = Debug|Any CPU
		{F954FF2E-0307-4EF6-A1E8-B4C01403CA68}.Release|Any CPU.ActiveCfg = Release|Any CPU
		{F954FF2E-0307-4EF6-A1E8-B4C01403CA68}.Release|Any CPU.Build.0 = Release|Any CPU
		{68E672D6-9C77-4352-BC74-B714222484B9}.Debug|Any CPU.ActiveCfg = Debug|Any CPU
		{68E672D6-9C77-4352-BC74-B714222484B9}.Debug|Any CPU.Build.0 = Debug|Any CPU
		{68E672D6-9C77-4352-BC74-B714222484B9}.Release|Any CPU.ActiveCfg = Release|Any CPU
		{68E672D6-9C77-4352-BC74-B714222484B9}.Release|Any CPU.Build.0 = Release|Any CPU
		{BD040A0F-AE1E-48D8-902A-2770CF324C39}.Debug|Any CPU.ActiveCfg = Debug|Any CPU
		{BD040A0F-AE1E-48D8-902A-2770CF324C39}.Debug|Any CPU.Build.0 = Debug|Any CPU
		{BD040A0F-AE1E-48D8-902A-2770CF324C39}.Release|Any CPU.ActiveCfg = Release|Any CPU
		{BD040A0F-AE1E-48D8-902A-2770CF324C39}.Release|Any CPU.Build.0 = Release|Any CPU
		{937ADAAA-3B53-446A-91D6-07673BE9948C}.Debug|Any CPU.ActiveCfg = Debug|Any CPU
		{937ADAAA-3B53-446A-91D6-07673BE9948C}.Debug|Any CPU.Build.0 = Debug|Any CPU
		{937ADAAA-3B53-446A-91D6-07673BE9948C}.Release|Any CPU.ActiveCfg = Release|Any CPU
		{937ADAAA-3B53-446A-91D6-07673BE9948C}.Release|Any CPU.Build.0 = Release|Any CPU
		{A63FCBEC-5013-4EE8-A923-28863F6A82AE}.Debug|Any CPU.ActiveCfg = Debug|Any CPU
		{A63FCBEC-5013-4EE8-A923-28863F6A82AE}.Debug|Any CPU.Build.0 = Debug|Any CPU
		{A63FCBEC-5013-4EE8-A923-28863F6A82AE}.Release|Any CPU.ActiveCfg = Release|Any CPU
		{A63FCBEC-5013-4EE8-A923-28863F6A82AE}.Release|Any CPU.Build.0 = Release|Any CPU
		{3B2C4135-4706-4E74-8677-54CEBEA1AC4D}.Debug|Any CPU.ActiveCfg = Debug|Any CPU
		{3B2C4135-4706-4E74-8677-54CEBEA1AC4D}.Debug|Any CPU.Build.0 = Debug|Any CPU
		{3B2C4135-4706-4E74-8677-54CEBEA1AC4D}.Release|Any CPU.ActiveCfg = Release|Any CPU
		{3B2C4135-4706-4E74-8677-54CEBEA1AC4D}.Release|Any CPU.Build.0 = Release|Any CPU
		{2B8ACD14-8C3D-436B-9868-83D2E2741ABA}.Debug|Any CPU.ActiveCfg = Debug|Any CPU
		{2B8ACD14-8C3D-436B-9868-83D2E2741ABA}.Debug|Any CPU.Build.0 = Debug|Any CPU
		{2B8ACD14-8C3D-436B-9868-83D2E2741ABA}.Release|Any CPU.ActiveCfg = Release|Any CPU
		{2B8ACD14-8C3D-436B-9868-83D2E2741ABA}.Release|Any CPU.Build.0 = Release|Any CPU
		{51E416CC-B237-4033-B6CA-20834F1D90FE}.Debug|Any CPU.ActiveCfg = Debug|Any CPU
		{51E416CC-B237-4033-B6CA-20834F1D90FE}.Debug|Any CPU.Build.0 = Debug|Any CPU
		{51E416CC-B237-4033-B6CA-20834F1D90FE}.Release|Any CPU.ActiveCfg = Release|Any CPU
		{51E416CC-B237-4033-B6CA-20834F1D90FE}.Release|Any CPU.Build.0 = Release|Any CPU
		{2A404663-88FA-445D-83A6-3E6EBE2BCFAB}.Debug|Any CPU.ActiveCfg = Debug|Any CPU
		{2A404663-88FA-445D-83A6-3E6EBE2BCFAB}.Debug|Any CPU.Build.0 = Debug|Any CPU
		{2A404663-88FA-445D-83A6-3E6EBE2BCFAB}.Release|Any CPU.ActiveCfg = Release|Any CPU
		{2A404663-88FA-445D-83A6-3E6EBE2BCFAB}.Release|Any CPU.Build.0 = Release|Any CPU
		{25606E8F-DF35-4701-8FDC-323C1FAF5ECD}.Debug|Any CPU.ActiveCfg = Debug|Any CPU
		{25606E8F-DF35-4701-8FDC-323C1FAF5ECD}.Debug|Any CPU.Build.0 = Debug|Any CPU
		{25606E8F-DF35-4701-8FDC-323C1FAF5ECD}.Release|Any CPU.ActiveCfg = Release|Any CPU
		{25606E8F-DF35-4701-8FDC-323C1FAF5ECD}.Release|Any CPU.Build.0 = Release|Any CPU
		{173E1242-ADCB-4EB9-8443-A49807B7D093}.Debug|Any CPU.ActiveCfg = Debug|Any CPU
		{173E1242-ADCB-4EB9-8443-A49807B7D093}.Debug|Any CPU.Build.0 = Debug|Any CPU
		{173E1242-ADCB-4EB9-8443-A49807B7D093}.Release|Any CPU.ActiveCfg = Release|Any CPU
		{173E1242-ADCB-4EB9-8443-A49807B7D093}.Release|Any CPU.Build.0 = Release|Any CPU
		{10FB5EF5-9C9D-4AB1-A3F9-F0D23F59B960}.Debug|Any CPU.ActiveCfg = Debug|Any CPU
		{10FB5EF5-9C9D-4AB1-A3F9-F0D23F59B960}.Debug|Any CPU.Build.0 = Debug|Any CPU
		{10FB5EF5-9C9D-4AB1-A3F9-F0D23F59B960}.Release|Any CPU.ActiveCfg = Release|Any CPU
		{10FB5EF5-9C9D-4AB1-A3F9-F0D23F59B960}.Release|Any CPU.Build.0 = Release|Any CPU
		{AF737604-EC1B-4A34-AB70-F92199659F2F}.Debug|Any CPU.ActiveCfg = Debug|Any CPU
		{AF737604-EC1B-4A34-AB70-F92199659F2F}.Debug|Any CPU.Build.0 = Debug|Any CPU
		{AF737604-EC1B-4A34-AB70-F92199659F2F}.Release|Any CPU.ActiveCfg = Release|Any CPU
		{AF737604-EC1B-4A34-AB70-F92199659F2F}.Release|Any CPU.Build.0 = Release|Any CPU
		{7E59D8B1-1186-4F92-A14F-460D044B0E63}.Debug|Any CPU.ActiveCfg = Debug|Any CPU
		{7E59D8B1-1186-4F92-A14F-460D044B0E63}.Debug|Any CPU.Build.0 = Debug|Any CPU
		{7E59D8B1-1186-4F92-A14F-460D044B0E63}.Release|Any CPU.ActiveCfg = Release|Any CPU
		{7E59D8B1-1186-4F92-A14F-460D044B0E63}.Release|Any CPU.Build.0 = Release|Any CPU
	EndGlobalSection
	GlobalSection(SolutionProperties) = preSolution
		HideSolutionNode = FALSE
	EndGlobalSection
EndGlobal
