
Microsoft Visual Studio Solution File, Format Version 12.00
# Visual Studio Version 16
VisualStudioVersion = 16.0.30114.105
MinimumVisualStudioVersion = 10.0.40219.1
Project("{9A19103F-16F7-4668-BE54-9A1E7A4F7556}") = "DbSharpSample.Data.SqlServer.CSharp", "DbSharpSample.Data.SqlServer.CSharp\DbSharpSample.Data.SqlServer.CSharp.csproj", "{18405378-AFB7-4E76-BFF5-F6DB5FCCE3D6}"
EndProject
Global
	GlobalSection(SolutionConfigurationPlatforms) = preSolution
		Debug|Any CPU = Debug|Any CPU
		Release|Any CPU = Release|Any CPU
	EndGlobalSection
	GlobalSection(ProjectConfigurationPlatforms) = postSolution
		{18405378-AFB7-4E76-BFF5-F6DB5FCCE3D6}.Debug|Any CPU.ActiveCfg = Debug|Any CPU
		{18405378-AFB7-4E76-BFF5-F6DB5FCCE3D6}.Debug|Any CPU.Build.0 = Debug|Any CPU
		{18405378-AFB7-4E76-BFF5-F6DB5FCCE3D6}.Release|Any CPU.ActiveCfg = Release|Any CPU
		{18405378-AFB7-4E76-BFF5-F6DB5FCCE3D6}.Release|Any CPU.Build.0 = Release|Any CPU
	EndGlobalSection
	GlobalSection(SolutionProperties) = preSolution
		HideSolutionNode = FALSE
	EndGlobalSection
	GlobalSection(ExtensibilityGlobals) = postSolution
		SolutionGuid = {70C23718-EE5D-4FBD-8EA5-9CE2A436594B}
	EndGlobalSection
EndGlobal
