
Microsoft Visual Studio Solution File, Format Version 12.00
# Visual Studio Version 16
VisualStudioVersion = 16.0.30711.63
MinimumVisualStudioVersion = 10.0.40219.1
Project("{FAE04EC0-301F-11D3-BF4B-00C04F79EFBC}") = "DbSharpSample.MySql.CSharp", "DbSharpSample.MySql.CSharp\DbSharpSample.MySql.CSharp.csproj", "{EE0FCE18-C1FE-4382-9780-BBDECD635FEC}"
EndProject
Project("{FAE04EC0-301F-11D3-BF4B-00C04F79EFBC}") = "DbSharpSample.SqlServer.CSharp", "DbSharpSample.SqlServer.CSharp\DbSharpSample.SqlServer.CSharp.csproj", "{1B080E16-475A-4A34-9252-DF066934529F}"
EndProject
Project("{FAE04EC0-301F-11D3-BF4B-00C04F79EFBC}") = "DbSharpSampleApp.MultiDatabase", "DbSharpSampleApp.MultiDatabase\DbSharpSampleApp.MultiDatabase.csproj", "{46820693-6C03-47EE-A473-FF40336FCAE6}"
EndProject
Global
	GlobalSection(SolutionConfigurationPlatforms) = preSolution
		Debug|Any CPU = Debug|Any CPU
		Release|Any CPU = Release|Any CPU
	EndGlobalSection
	GlobalSection(ProjectConfigurationPlatforms) = postSolution
		{EE0FCE18-C1FE-4382-9780-BBDECD635FEC}.Debug|Any CPU.ActiveCfg = Debug|Any CPU
		{EE0FCE18-C1FE-4382-9780-BBDECD635FEC}.Debug|Any CPU.Build.0 = Debug|Any CPU
		{EE0FCE18-C1FE-4382-9780-BBDECD635FEC}.Release|Any CPU.ActiveCfg = Release|Any CPU
		{EE0FCE18-C1FE-4382-9780-BBDECD635FEC}.Release|Any CPU.Build.0 = Release|Any CPU
		{1B080E16-475A-4A34-9252-DF066934529F}.Debug|Any CPU.ActiveCfg = Debug|Any CPU
		{1B080E16-475A-4A34-9252-DF066934529F}.Debug|Any CPU.Build.0 = Debug|Any CPU
		{1B080E16-475A-4A34-9252-DF066934529F}.Release|Any CPU.ActiveCfg = Release|Any CPU
		{1B080E16-475A-4A34-9252-DF066934529F}.Release|Any CPU.Build.0 = Release|Any CPU
		{46820693-6C03-47EE-A473-FF40336FCAE6}.Debug|Any CPU.ActiveCfg = Debug|Any CPU
		{46820693-6C03-47EE-A473-FF40336FCAE6}.Debug|Any CPU.Build.0 = Debug|Any CPU
		{46820693-6C03-47EE-A473-FF40336FCAE6}.Release|Any CPU.ActiveCfg = Release|Any CPU
		{46820693-6C03-47EE-A473-FF40336FCAE6}.Release|Any CPU.Build.0 = Release|Any CPU
	EndGlobalSection
	GlobalSection(SolutionProperties) = preSolution
		HideSolutionNode = FALSE
	EndGlobalSection
	GlobalSection(ExtensibilityGlobals) = postSolution
		SolutionGuid = {DB19E9C7-F46A-40C0-B865-37B19DC7E861}
	EndGlobalSection
EndGlobal
