
Microsoft Visual Studio Solution File, Format Version 12.00
# Visual Studio 14
VisualStudioVersion = 14.0.25420.1
MinimumVisualStudioVersion = 10.0.40219.1
Project("{FAE04EC0-301F-11D3-BF4B-00C04F79EFBC}") = "HigLabo.Converter", "..\HigLabo.Converter\HigLabo.Converter.csproj", "{757964E0-B391-48EB-AD04-D9C41091CFB5}"
EndProject
Project("{FAE04EC0-301F-11D3-BF4B-00C04F79EFBC}") = "HigLabo.Mime", "..\HigLabo.Mime\HigLabo.Mime.csproj", "{BEBCD297-E800-4957-A60B-360E8F0706EB}"
EndProject
Project("{FAE04EC0-301F-11D3-BF4B-00C04F79EFBC}") = "HigLabo.Mapper", "..\HigLabo.Mapper\HigLabo.Mapper.csproj", "{937ADAAA-3B53-446A-91D6-07673BE9948C}"
EndProject
Project("{FAE04EC0-301F-11D3-BF4B-00C04F79EFBC}") = "HigLabo.Converter.Test", "HigLabo.Converter.Test\HigLabo.Converter.Test.csproj", "{5D27EEC7-E52E-416D-A7AB-7DA8A8453090}"
EndProject
Project("{FAE04EC0-301F-11D3-BF4B-00C04F79EFBC}") = "HigLabo.Mime.Test", "HigLabo.Mime.Test\HigLabo.Mime.Test.csproj", "{380CD640-8F7F-4339-B00B-1564A4B89A1D}"
EndProject
Project("{FAE04EC0-301F-11D3-BF4B-00C04F79EFBC}") = "HigLabo.Converter._Net_4_0", "..\HigLabo.Converter\HigLabo.Converter._Net_4_0.csproj", "{D7D2AFDB-E3C8-4309-B3F6-955CCE3FE65F}"
EndProject
Project("{FAE04EC0-301F-11D3-BF4B-00C04F79EFBC}") = "HigLabo.Core", "..\HigLabo.Core\HigLabo.Core.csproj", "{441A7010-4948-4187-8688-AB964A70C7FE}"
EndProject
Project("{FAE04EC0-301F-11D3-BF4B-00C04F79EFBC}") = "HigLabo.Mapper.Test", "HigLabo.Mapper.Test\HigLabo.Mapper.Test.csproj", "{FE7B9BA4-6A1D-45EF-BC0F-6AF7B44BC790}"
EndProject
Project("{FAE04EC0-301F-11D3-BF4B-00C04F79EFBC}") = "HigLabo.CodeGenerator", "..\HigLabo.CodeGenerator\HigLabo.CodeGenerator.csproj", "{3B2C4135-4706-4E74-8677-54CEBEA1AC4D}"
EndProject
Project("{FAE04EC0-301F-11D3-BF4B-00C04F79EFBC}") = "HigLabo.CodeGenerator.Test", "HigLabo.CodeGenerator.Test\HigLabo.CodeGenerator.Test.csproj", "{B85C3E4D-7178-48D8-B841-33948E7641D0}"
EndProject
Project("{FAE04EC0-301F-11D3-BF4B-00C04F79EFBC}") = "HigLabo.Core.Test", "HigLabo.Core.Test\HigLabo.Core.Test.csproj", "{6CC485AB-9B9C-4054-AFD0-AAB3EF403F7F}"
EndProject
Project("{FAE04EC0-301F-11D3-BF4B-00C04F79EFBC}") = "HigLabo.Mapper.PerformanceTest", "HigLabo.Mapper.PerformanceTest\HigLabo.Mapper.PerformanceTest.csproj", "{19728F71-DD23-4B31-A8D5-438FEE91ED53}"
EndProject
Global
	GlobalSection(SolutionConfigurationPlatforms) = preSolution
		Debug|Any CPU = Debug|Any CPU
		Release|Any CPU = Release|Any CPU
	EndGlobalSection
	GlobalSection(ProjectConfigurationPlatforms) = postSolution
		{757964E0-B391-48EB-AD04-D9C41091CFB5}.Debug|Any CPU.ActiveCfg = Debug|Any CPU
		{757964E0-B391-48EB-AD04-D9C41091CFB5}.Debug|Any CPU.Build.0 = Debug|Any CPU
		{757964E0-B391-48EB-AD04-D9C41091CFB5}.Release|Any CPU.ActiveCfg = Release|Any CPU
		{757964E0-B391-48EB-AD04-D9C41091CFB5}.Release|Any CPU.Build.0 = Release|Any CPU
		{BEBCD297-E800-4957-A60B-360E8F0706EB}.Debug|Any CPU.ActiveCfg = Debug|Any CPU
		{BEBCD297-E800-4957-A60B-360E8F0706EB}.Debug|Any CPU.Build.0 = Debug|Any CPU
		{BEBCD297-E800-4957-A60B-360E8F0706EB}.Release|Any CPU.ActiveCfg = Release|Any CPU
		{BEBCD297-E800-4957-A60B-360E8F0706EB}.Release|Any CPU.Build.0 = Release|Any CPU
		{937ADAAA-3B53-446A-91D6-07673BE9948C}.Debug|Any CPU.ActiveCfg = Debug|Any CPU
		{937ADAAA-3B53-446A-91D6-07673BE9948C}.Debug|Any CPU.Build.0 = Debug|Any CPU
		{937ADAAA-3B53-446A-91D6-07673BE9948C}.Release|Any CPU.ActiveCfg = Release|Any CPU
		{937ADAAA-3B53-446A-91D6-07673BE9948C}.Release|Any CPU.Build.0 = Release|Any CPU
		{5D27EEC7-E52E-416D-A7AB-7DA8A8453090}.Debug|Any CPU.ActiveCfg = Debug|Any CPU
		{5D27EEC7-E52E-416D-A7AB-7DA8A8453090}.Debug|Any CPU.Build.0 = Debug|Any CPU
		{5D27EEC7-E52E-416D-A7AB-7DA8A8453090}.Release|Any CPU.ActiveCfg = Release|Any CPU
		{5D27EEC7-E52E-416D-A7AB-7DA8A8453090}.Release|Any CPU.Build.0 = Release|Any CPU
		{380CD640-8F7F-4339-B00B-1564A4B89A1D}.Debug|Any CPU.ActiveCfg = Debug|Any CPU
		{380CD640-8F7F-4339-B00B-1564A4B89A1D}.Debug|Any CPU.Build.0 = Debug|Any CPU
		{380CD640-8F7F-4339-B00B-1564A4B89A1D}.Release|Any CPU.ActiveCfg = Release|Any CPU
		{380CD640-8F7F-4339-B00B-1564A4B89A1D}.Release|Any CPU.Build.0 = Release|Any CPU
		{D7D2AFDB-E3C8-4309-B3F6-955CCE3FE65F}.Debug|Any CPU.ActiveCfg = Debug|Any CPU
		{D7D2AFDB-E3C8-4309-B3F6-955CCE3FE65F}.Debug|Any CPU.Build.0 = Debug|Any CPU
		{D7D2AFDB-E3C8-4309-B3F6-955CCE3FE65F}.Release|Any CPU.ActiveCfg = Release|Any CPU
		{D7D2AFDB-E3C8-4309-B3F6-955CCE3FE65F}.Release|Any CPU.Build.0 = Release|Any CPU
		{441A7010-4948-4187-8688-AB964A70C7FE}.Debug|Any CPU.ActiveCfg = Debug|Any CPU
		{441A7010-4948-4187-8688-AB964A70C7FE}.Debug|Any CPU.Build.0 = Debug|Any CPU
		{441A7010-4948-4187-8688-AB964A70C7FE}.Release|Any CPU.ActiveCfg = Release|Any CPU
		{441A7010-4948-4187-8688-AB964A70C7FE}.Release|Any CPU.Build.0 = Release|Any CPU
		{FE7B9BA4-6A1D-45EF-BC0F-6AF7B44BC790}.Debug|Any CPU.ActiveCfg = Debug|Any CPU
		{FE7B9BA4-6A1D-45EF-BC0F-6AF7B44BC790}.Debug|Any CPU.Build.0 = Debug|Any CPU
		{FE7B9BA4-6A1D-45EF-BC0F-6AF7B44BC790}.Release|Any CPU.ActiveCfg = Release|Any CPU
		{FE7B9BA4-6A1D-45EF-BC0F-6AF7B44BC790}.Release|Any CPU.Build.0 = Release|Any CPU
		{3B2C4135-4706-4E74-8677-54CEBEA1AC4D}.Debug|Any CPU.ActiveCfg = Debug|Any CPU
		{3B2C4135-4706-4E74-8677-54CEBEA1AC4D}.Debug|Any CPU.Build.0 = Debug|Any CPU
		{3B2C4135-4706-4E74-8677-54CEBEA1AC4D}.Release|Any CPU.ActiveCfg = Release|Any CPU
		{3B2C4135-4706-4E74-8677-54CEBEA1AC4D}.Release|Any CPU.Build.0 = Release|Any CPU
		{B85C3E4D-7178-48D8-B841-33948E7641D0}.Debug|Any CPU.ActiveCfg = Debug|Any CPU
		{B85C3E4D-7178-48D8-B841-33948E7641D0}.Debug|Any CPU.Build.0 = Debug|Any CPU
		{B85C3E4D-7178-48D8-B841-33948E7641D0}.Release|Any CPU.ActiveCfg = Release|Any CPU
		{B85C3E4D-7178-48D8-B841-33948E7641D0}.Release|Any CPU.Build.0 = Release|Any CPU
		{6CC485AB-9B9C-4054-AFD0-AAB3EF403F7F}.Debug|Any CPU.ActiveCfg = Debug|Any CPU
		{6CC485AB-9B9C-4054-AFD0-AAB3EF403F7F}.Debug|Any CPU.Build.0 = Debug|Any CPU
		{6CC485AB-9B9C-4054-AFD0-AAB3EF403F7F}.Release|Any CPU.ActiveCfg = Release|Any CPU
		{6CC485AB-9B9C-4054-AFD0-AAB3EF403F7F}.Release|Any CPU.Build.0 = Release|Any CPU
		{19728F71-DD23-4B31-A8D5-438FEE91ED53}.Debug|Any CPU.ActiveCfg = Debug|Any CPU
		{19728F71-DD23-4B31-A8D5-438FEE91ED53}.Debug|Any CPU.Build.0 = Debug|Any CPU
		{19728F71-DD23-4B31-A8D5-438FEE91ED53}.Release|Any CPU.ActiveCfg = Release|Any CPU
		{19728F71-DD23-4B31-A8D5-438FEE91ED53}.Release|Any CPU.Build.0 = Release|Any CPU
	EndGlobalSection
	GlobalSection(SolutionProperties) = preSolution
		HideSolutionNode = FALSE
	EndGlobalSection
EndGlobal
