
Microsoft Visual Studio Solution File, Format Version 12.00
# Visual Studio Version 16
VisualStudioVersion = 16.0.29326.143
MinimumVisualStudioVersion = 10.0.40219.1
Project("{9A19103F-16F7-4668-BE54-9A1E7A4F7556}") = "HigLabo.Core.Test", "HigLabo.Core.Test\HigLabo.Core.Test.csproj", "{C9D66651-8076-49DE-BAF6-32F8566952A8}"
EndProject
Project("{9A19103F-16F7-4668-BE54-9A1E7A4F7556}") = "HigLabo.Core", "..\HigLabo.Core\HigLabo.Core.csproj", "{A7B5FC1A-C201-40B9-BA5A-D31A88705483}"
EndProject
Project("{9A19103F-16F7-4668-BE54-9A1E7A4F7556}") = "HigLabo.Converter", "..\HigLabo.Converter\HigLabo.Converter.csproj", "{DF4D20E4-47DF-4A13-BB3F-595D6377C1E8}"
EndProject
Project("{9A19103F-16F7-4668-BE54-9A1E7A4F7556}") = "HigLabo.Mapper", "..\HigLabo.Mapper\HigLabo.Mapper.csproj", "{DEA41983-747B-44D7-920B-8797EC258D15}"
EndProject
Project("{9A19103F-16F7-4668-BE54-9A1E7A4F7556}") = "HigLabo.Mime", "..\HigLabo.Mime\HigLabo.Mime.csproj", "{81DB31AD-4E83-4717-9FC7-E739D6A5120B}"
EndProject
Project("{9A19103F-16F7-4668-BE54-9A1E7A4F7556}") = "HigLabo.Net", "..\HigLabo.Net\HigLabo.Net.csproj", "{176083AD-49CF-4E91-BDE8-B8756FB17B17}"
EndProject
Project("{9A19103F-16F7-4668-BE54-9A1E7A4F7556}") = "HigLabo.Rss", "..\HigLabo.Rss\HigLabo.Rss.csproj", "{315D83B5-23A5-4AC2-957A-81090F1B7030}"
EndProject
Project("{9A19103F-16F7-4668-BE54-9A1E7A4F7556}") = "HigLabo.Converter.Test", "HigLabo.Converter.Test\HigLabo.Converter.Test.csproj", "{38354E66-D162-424F-8875-569EEBB23715}"
EndProject
Project("{9A19103F-16F7-4668-BE54-9A1E7A4F7556}") = "HigLabo.Mime.Test", "HigLabo.Mime.Test\HigLabo.Mime.Test.csproj", "{2D2C3ED1-5583-4BAA-83F2-0625FC65E5BF}"
EndProject
Project("{9A19103F-16F7-4668-BE54-9A1E7A4F7556}") = "HigLabo.Mapper.Test", "HigLabo.Mapper.Test\HigLabo.Mapper.Test.csproj", "{DF864A1F-E23F-4691-826B-7674365228F4}"
EndProject
Project("{9A19103F-16F7-4668-BE54-9A1E7A4F7556}") = "HigLabo.Rss.Test", "HigLabo.Rss.Test\HigLabo.Rss.Test.csproj", "{FF9FEA41-6CFA-4452-9536-2AC6E27BDB7F}"
EndProject
Project("{9A19103F-16F7-4668-BE54-9A1E7A4F7556}") = "HigLabo.CodeGenerator", "..\HigLabo.CodeGenerator\HigLabo.CodeGenerator.csproj", "{FA1B9D6B-3AE1-4CBE-9AFB-CAD6B6437027}"
EndProject
Project("{9A19103F-16F7-4668-BE54-9A1E7A4F7556}") = "HigLabo.CodeGenerator.Test", "HigLabo.CodeGenerator.Test\HigLabo.CodeGenerator.Test.csproj", "{C30F7F9C-0EDD-4024-9751-80CAE83FF577}"
EndProject
Project("{9A19103F-16F7-4668-BE54-9A1E7A4F7556}") = "HigLabo.Mapper.PerformanceTest", "HigLabo.Mapper.PerformanceTest\HigLabo.Mapper.PerformanceTest.csproj", "{EE40795B-3613-40D7-A270-7D8D860417DE}"
EndProject
Project("{9A19103F-16F7-4668-BE54-9A1E7A4F7556}") = "HigLabo.Mapper.ObjectMapConfig", "..\HigLabo.Mapper.ObjectMapConfig\HigLabo.Mapper.ObjectMapConfig.csproj", "{1B30DC3F-C686-4FB9-B066-71A68B150BB8}"
EndProject
Global
	GlobalSection(SolutionConfigurationPlatforms) = preSolution
		Debug|Any CPU = Debug|Any CPU
		Release|Any CPU = Release|Any CPU
	EndGlobalSection
	GlobalSection(ProjectConfigurationPlatforms) = postSolution
		{C9D66651-8076-49DE-BAF6-32F8566952A8}.Debug|Any CPU.ActiveCfg = Debug|Any CPU
		{C9D66651-8076-49DE-BAF6-32F8566952A8}.Debug|Any CPU.Build.0 = Debug|Any CPU
		{C9D66651-8076-49DE-BAF6-32F8566952A8}.Release|Any CPU.ActiveCfg = Release|Any CPU
		{C9D66651-8076-49DE-BAF6-32F8566952A8}.Release|Any CPU.Build.0 = Release|Any CPU
		{A7B5FC1A-C201-40B9-BA5A-D31A88705483}.Debug|Any CPU.ActiveCfg = Debug|Any CPU
		{A7B5FC1A-C201-40B9-BA5A-D31A88705483}.Debug|Any CPU.Build.0 = Debug|Any CPU
		{A7B5FC1A-C201-40B9-BA5A-D31A88705483}.Release|Any CPU.ActiveCfg = Release|Any CPU
		{A7B5FC1A-C201-40B9-BA5A-D31A88705483}.Release|Any CPU.Build.0 = Release|Any CPU
		{DF4D20E4-47DF-4A13-BB3F-595D6377C1E8}.Debug|Any CPU.ActiveCfg = Debug|Any CPU
		{DF4D20E4-47DF-4A13-BB3F-595D6377C1E8}.Debug|Any CPU.Build.0 = Debug|Any CPU
		{DF4D20E4-47DF-4A13-BB3F-595D6377C1E8}.Release|Any CPU.ActiveCfg = Release|Any CPU
		{DF4D20E4-47DF-4A13-BB3F-595D6377C1E8}.Release|Any CPU.Build.0 = Release|Any CPU
		{DEA41983-747B-44D7-920B-8797EC258D15}.Debug|Any CPU.ActiveCfg = Debug|Any CPU
		{DEA41983-747B-44D7-920B-8797EC258D15}.Debug|Any CPU.Build.0 = Debug|Any CPU
		{DEA41983-747B-44D7-920B-8797EC258D15}.Release|Any CPU.ActiveCfg = Release|Any CPU
		{DEA41983-747B-44D7-920B-8797EC258D15}.Release|Any CPU.Build.0 = Release|Any CPU
		{81DB31AD-4E83-4717-9FC7-E739D6A5120B}.Debug|Any CPU.ActiveCfg = Debug|Any CPU
		{81DB31AD-4E83-4717-9FC7-E739D6A5120B}.Debug|Any CPU.Build.0 = Debug|Any CPU
		{81DB31AD-4E83-4717-9FC7-E739D6A5120B}.Release|Any CPU.ActiveCfg = Release|Any CPU
		{81DB31AD-4E83-4717-9FC7-E739D6A5120B}.Release|Any CPU.Build.0 = Release|Any CPU
		{176083AD-49CF-4E91-BDE8-B8756FB17B17}.Debug|Any CPU.ActiveCfg = Debug|Any CPU
		{176083AD-49CF-4E91-BDE8-B8756FB17B17}.Debug|Any CPU.Build.0 = Debug|Any CPU
		{176083AD-49CF-4E91-BDE8-B8756FB17B17}.Release|Any CPU.ActiveCfg = Release|Any CPU
		{176083AD-49CF-4E91-BDE8-B8756FB17B17}.Release|Any CPU.Build.0 = Release|Any CPU
		{315D83B5-23A5-4AC2-957A-81090F1B7030}.Debug|Any CPU.ActiveCfg = Debug|Any CPU
		{315D83B5-23A5-4AC2-957A-81090F1B7030}.Debug|Any CPU.Build.0 = Debug|Any CPU
		{315D83B5-23A5-4AC2-957A-81090F1B7030}.Release|Any CPU.ActiveCfg = Release|Any CPU
		{315D83B5-23A5-4AC2-957A-81090F1B7030}.Release|Any CPU.Build.0 = Release|Any CPU
		{38354E66-D162-424F-8875-569EEBB23715}.Debug|Any CPU.ActiveCfg = Debug|Any CPU
		{38354E66-D162-424F-8875-569EEBB23715}.Debug|Any CPU.Build.0 = Debug|Any CPU
		{38354E66-D162-424F-8875-569EEBB23715}.Release|Any CPU.ActiveCfg = Release|Any CPU
		{38354E66-D162-424F-8875-569EEBB23715}.Release|Any CPU.Build.0 = Release|Any CPU
		{2D2C3ED1-5583-4BAA-83F2-0625FC65E5BF}.Debug|Any CPU.ActiveCfg = Debug|Any CPU
		{2D2C3ED1-5583-4BAA-83F2-0625FC65E5BF}.Debug|Any CPU.Build.0 = Debug|Any CPU
		{2D2C3ED1-5583-4BAA-83F2-0625FC65E5BF}.Release|Any CPU.ActiveCfg = Release|Any CPU
		{2D2C3ED1-5583-4BAA-83F2-0625FC65E5BF}.Release|Any CPU.Build.0 = Release|Any CPU
		{DF864A1F-E23F-4691-826B-7674365228F4}.Debug|Any CPU.ActiveCfg = Debug|Any CPU
		{DF864A1F-E23F-4691-826B-7674365228F4}.Debug|Any CPU.Build.0 = Debug|Any CPU
		{DF864A1F-E23F-4691-826B-7674365228F4}.Release|Any CPU.ActiveCfg = Release|Any CPU
		{DF864A1F-E23F-4691-826B-7674365228F4}.Release|Any CPU.Build.0 = Release|Any CPU
		{FF9FEA41-6CFA-4452-9536-2AC6E27BDB7F}.Debug|Any CPU.ActiveCfg = Debug|Any CPU
		{FF9FEA41-6CFA-4452-9536-2AC6E27BDB7F}.Debug|Any CPU.Build.0 = Debug|Any CPU
		{FF9FEA41-6CFA-4452-9536-2AC6E27BDB7F}.Release|Any CPU.ActiveCfg = Release|Any CPU
		{FF9FEA41-6CFA-4452-9536-2AC6E27BDB7F}.Release|Any CPU.Build.0 = Release|Any CPU
		{FA1B9D6B-3AE1-4CBE-9AFB-CAD6B6437027}.Debug|Any CPU.ActiveCfg = Debug|Any CPU
		{FA1B9D6B-3AE1-4CBE-9AFB-CAD6B6437027}.Debug|Any CPU.Build.0 = Debug|Any CPU
		{FA1B9D6B-3AE1-4CBE-9AFB-CAD6B6437027}.Release|Any CPU.ActiveCfg = Release|Any CPU
		{FA1B9D6B-3AE1-4CBE-9AFB-CAD6B6437027}.Release|Any CPU.Build.0 = Release|Any CPU
		{C30F7F9C-0EDD-4024-9751-80CAE83FF577}.Debug|Any CPU.ActiveCfg = Debug|Any CPU
		{C30F7F9C-0EDD-4024-9751-80CAE83FF577}.Debug|Any CPU.Build.0 = Debug|Any CPU
		{C30F7F9C-0EDD-4024-9751-80CAE83FF577}.Release|Any CPU.ActiveCfg = Release|Any CPU
		{C30F7F9C-0EDD-4024-9751-80CAE83FF577}.Release|Any CPU.Build.0 = Release|Any CPU
		{EE40795B-3613-40D7-A270-7D8D860417DE}.Debug|Any CPU.ActiveCfg = Debug|Any CPU
		{EE40795B-3613-40D7-A270-7D8D860417DE}.Debug|Any CPU.Build.0 = Debug|Any CPU
		{EE40795B-3613-40D7-A270-7D8D860417DE}.Release|Any CPU.ActiveCfg = Release|Any CPU
		{EE40795B-3613-40D7-A270-7D8D860417DE}.Release|Any CPU.Build.0 = Release|Any CPU
		{1B30DC3F-C686-4FB9-B066-71A68B150BB8}.Debug|Any CPU.ActiveCfg = Debug|Any CPU
		{1B30DC3F-C686-4FB9-B066-71A68B150BB8}.Debug|Any CPU.Build.0 = Debug|Any CPU
		{1B30DC3F-C686-4FB9-B066-71A68B150BB8}.Release|Any CPU.ActiveCfg = Release|Any CPU
		{1B30DC3F-C686-4FB9-B066-71A68B150BB8}.Release|Any CPU.Build.0 = Release|Any CPU
	EndGlobalSection
	GlobalSection(SolutionProperties) = preSolution
		HideSolutionNode = FALSE
	EndGlobalSection
	GlobalSection(ExtensibilityGlobals) = postSolution
		SolutionGuid = {F5704FC0-E7B4-4094-9339-0CD61C279090}
	EndGlobalSection
EndGlobal
