
Microsoft Visual Studio Solution File, Format Version 12.00
# Visual Studio Version 17
VisualStudioVersion = 17.5.33502.453
MinimumVisualStudioVersion = 10.0.40219.1
Project("{9A19103F-16F7-4668-BE54-9A1E7A4F7556}") = "HigLabo.Core", "HigLabo.Core\HigLabo.Core.csproj", "{96E3C1B5-B4E2-4358-9F39-03847B8AD20D}"
EndProject
Project("{9A19103F-16F7-4668-BE54-9A1E7A4F7556}") = "HigLabo.Data", "HigLabo.Data\HigLabo.Data.csproj", "{3E237294-1013-4A5A-9930-800A4582A754}"
EndProject
Project("{9A19103F-16F7-4668-BE54-9A1E7A4F7556}") = "HigLabo.Data.SqlServer", "HigLabo.Data.SqlServer\HigLabo.Data.SqlServer.csproj", "{F7FCED84-7EC8-41EB-8972-8DE4044A8CEC}"
EndProject
Project("{9A19103F-16F7-4668-BE54-9A1E7A4F7556}") = "HigLabo.Data.MySql", "HigLabo.Data.MySql\HigLabo.Data.MySql.csproj", "{6629E7D0-6B95-49E6-9DD6-286A2CE118AD}"
EndProject
Project("{9A19103F-16F7-4668-BE54-9A1E7A4F7556}") = "HigLabo.Data.Oracle", "HigLabo.Data.Oracle\HigLabo.Data.Oracle.csproj", "{1CC585F4-72C5-4705-B99E-5EE287D70591}"
EndProject
Project("{9A19103F-16F7-4668-BE54-9A1E7A4F7556}") = "HigLabo.Data.PostgreSql", "HigLabo.Data.PostgreSql\HigLabo.Data.PostgreSql.csproj", "{B56B4136-3D74-466C-A2B9-70DA7C4D1E02}"
EndProject
Project("{9A19103F-16F7-4668-BE54-9A1E7A4F7556}") = "HigLabo.Data.SQLite", "HigLabo.Data.SQLite\HigLabo.Data.SQLite.csproj", "{85C61D9E-397F-439E-9209-CD104C97DC9D}"
EndProject
Project("{9A19103F-16F7-4668-BE54-9A1E7A4F7556}") = "HigLabo.CodeGenerator", "HigLabo.CodeGenerator\HigLabo.CodeGenerator.csproj", "{E8C1ECAB-A5F6-4EAA-80C7-7D2FCD21B8EB}"
EndProject
Project("{9A19103F-16F7-4668-BE54-9A1E7A4F7556}") = "HigLabo.Html", "HigLabo.Html\HigLabo.Html.csproj", "{18F6E266-FA38-4E70-B11C-CFB77E3A3034}"
EndProject
Project("{9A19103F-16F7-4668-BE54-9A1E7A4F7556}") = "HigLabo.Mail", "HigLabo.Mail\HigLabo.Mail.csproj", "{B27AC8CA-1F9D-438A-9907-9E7D451FF8D8}"
EndProject
Project("{9A19103F-16F7-4668-BE54-9A1E7A4F7556}") = "HigLabo.Net.Socket", "HigLabo.Net.Socket\HigLabo.Net.Socket.csproj", "{A7C95757-BAC8-4CEE-95F0-9D0F34264B90}"
EndProject
Project("{9A19103F-16F7-4668-BE54-9A1E7A4F7556}") = "HigLabo.Mime", "HigLabo.Mime\HigLabo.Mime.csproj", "{2DD43E58-CA1A-47E2-8D01-99849CDCD84B}"
EndProject
Project("{2150E333-8FDC-42A3-9474-1A3956D46DE8}") = "Solution Items", "Solution Items", "{A7689125-9390-4B2D-B6FE-BB20D4FA940C}"
	ProjectSection(SolutionItems) = preProject
		.editorconfig = .editorconfig
	EndProjectSection
EndProject
Project("{9A19103F-16F7-4668-BE54-9A1E7A4F7556}") = "HigLabo.ObjectModel", "HigLabo.ObjectModel\HigLabo.ObjectModel.csproj", "{2D0F8D66-D755-497C-97F0-607FC087405D}"
EndProject
Project("{9A19103F-16F7-4668-BE54-9A1E7A4F7556}") = "HigLabo.Service", "HigLabo.Service\HigLabo.Service.csproj", "{3D315B8D-C2B1-4884-9622-B0396F8E3FF9}"
EndProject
Project("{9A19103F-16F7-4668-BE54-9A1E7A4F7556}") = "HigLabo.Nuget", "HigLabo.Nuget\HigLabo.Nuget.csproj", "{8EF2DA7E-3E43-4503-8F13-D9708130ADA5}"
EndProject
Project("{9A19103F-16F7-4668-BE54-9A1E7A4F7556}") = "HigLabo.Net.Microsoft", "HigLabo.Net.Microsoft\HigLabo.Net.Microsoft.csproj", "{A3C70FCD-6F1F-4A1B-A29E-73EE315E567D}"
EndProject
Project("{9A19103F-16F7-4668-BE54-9A1E7A4F7556}") = "HigLabo.Net.OAuth", "HigLabo.Net.OAuth\HigLabo.Net.OAuth.csproj", "{32EF049E-95CF-4D14-917F-45A576CC7EE1}"
EndProject
Project("{9A19103F-16F7-4668-BE54-9A1E7A4F7556}") = "HigLabo.Mapper", "HigLabo.Mapper\HigLabo.Mapper.csproj", "{0AB302F5-6FEA-48DD-A030-257BC50F2A81}"
EndProject
Project("{9A19103F-16F7-4668-BE54-9A1E7A4F7556}") = "HigLabo.Net.OAuthClientCodeGenerator", "HigLabo.Net.OAuthClientCodeGenerator\HigLabo.Net.OAuthClientCodeGenerator.csproj", "{76878EB6-1725-4EDB-92DD-16C0C1B93222}"
EndProject
Project("{9A19103F-16F7-4668-BE54-9A1E7A4F7556}") = "HigLabo.Net.Slack", "HigLabo.Net.Slack\HigLabo.Net.Slack.csproj", "{E94BEF6E-8453-4249-B7D2-AB7CD0735DF4}"
EndProject
Project("{9A19103F-16F7-4668-BE54-9A1E7A4F7556}") = "HigLabo.LanguageTextApplication", "HigLabo.LanguageTextApplication\HigLabo.LanguageTextApplication.csproj", "{71D1A82F-BD50-4734-BE57-A01465B6C8EE}"
EndProject
Project("{9A19103F-16F7-4668-BE54-9A1E7A4F7556}") = "HigLaboVueExamples", "HigLaboVueExamples\HigLaboVueExamples.csproj", "{06F1B2AE-2220-48FE-BE8A-16DBA5774011}"
EndProject
Project("{9A19103F-16F7-4668-BE54-9A1E7A4F7556}") = "HigLabo.Web", "HigLabo.Web\HigLabo.Web.csproj", "{11ACA12F-46EF-4659-B33D-3C88B6D7C36A}"
EndProject
Project("{9A19103F-16F7-4668-BE54-9A1E7A4F7556}") = "HigLabo.Data.Mapper", "HigLabo.Data.Mapper\HigLabo.Data.Mapper.csproj", "{B675FBFB-3712-49E7-92D9-11C7BEE9FFBD}"
EndProject
Project("{9A19103F-16F7-4668-BE54-9A1E7A4F7556}") = "HigLabo.Web.TypeScript", "HigLabo.Web.TypeScript\HigLabo.Web.TypeScript.csproj", "{454227DA-8B09-4559-89B3-5DB2AD99F5A0}"
EndProject
Project("{9A19103F-16F7-4668-BE54-9A1E7A4F7556}") = "HigLabo.NewtonsoftJson", "HigLabo.NewtonsoftJson\HigLabo.NewtonsoftJson.csproj", "{EB50DD4B-770C-4DC6-B62A-BD804E3BBA7E}"
EndProject
Project("{9A19103F-16F7-4668-BE54-9A1E7A4F7556}") = "HigLabo.Web.Api", "HigLabo.Web.Api\HigLabo.Web.Api.csproj", "{6915A7B9-974B-4789-8985-FF02F163C4F9}"
EndProject
Project("{FAE04EC0-301F-11D3-BF4B-00C04F79EFBC}") = "HigLabo.Log.Bigquery", "HigLabo.Log.Bigquery\HigLabo.Log.Bigquery.csproj", "{8AFCA957-2519-44BE-9728-0C86A021A64F}"
EndProject
Global
	GlobalSection(SolutionConfigurationPlatforms) = preSolution
		Debug|Any CPU = Debug|Any CPU
		Release|Any CPU = Release|Any CPU
	EndGlobalSection
	GlobalSection(ProjectConfigurationPlatforms) = postSolution
		{96E3C1B5-B4E2-4358-9F39-03847B8AD20D}.Debug|Any CPU.ActiveCfg = Debug|Any CPU
		{96E3C1B5-B4E2-4358-9F39-03847B8AD20D}.Debug|Any CPU.Build.0 = Debug|Any CPU
		{96E3C1B5-B4E2-4358-9F39-03847B8AD20D}.Release|Any CPU.ActiveCfg = Release|Any CPU
		{96E3C1B5-B4E2-4358-9F39-03847B8AD20D}.Release|Any CPU.Build.0 = Release|Any CPU
		{3E237294-1013-4A5A-9930-800A4582A754}.Debug|Any CPU.ActiveCfg = Debug|Any CPU
		{3E237294-1013-4A5A-9930-800A4582A754}.Debug|Any CPU.Build.0 = Debug|Any CPU
		{3E237294-1013-4A5A-9930-800A4582A754}.Release|Any CPU.ActiveCfg = Release|Any CPU
		{3E237294-1013-4A5A-9930-800A4582A754}.Release|Any CPU.Build.0 = Release|Any CPU
		{F7FCED84-7EC8-41EB-8972-8DE4044A8CEC}.Debug|Any CPU.ActiveCfg = Debug|Any CPU
		{F7FCED84-7EC8-41EB-8972-8DE4044A8CEC}.Debug|Any CPU.Build.0 = Debug|Any CPU
		{F7FCED84-7EC8-41EB-8972-8DE4044A8CEC}.Release|Any CPU.ActiveCfg = Release|Any CPU
		{F7FCED84-7EC8-41EB-8972-8DE4044A8CEC}.Release|Any CPU.Build.0 = Release|Any CPU
		{6629E7D0-6B95-49E6-9DD6-286A2CE118AD}.Debug|Any CPU.ActiveCfg = Debug|Any CPU
		{6629E7D0-6B95-49E6-9DD6-286A2CE118AD}.Debug|Any CPU.Build.0 = Debug|Any CPU
		{6629E7D0-6B95-49E6-9DD6-286A2CE118AD}.Release|Any CPU.ActiveCfg = Release|Any CPU
		{6629E7D0-6B95-49E6-9DD6-286A2CE118AD}.Release|Any CPU.Build.0 = Release|Any CPU
		{1CC585F4-72C5-4705-B99E-5EE287D70591}.Debug|Any CPU.ActiveCfg = Debug|Any CPU
		{1CC585F4-72C5-4705-B99E-5EE287D70591}.Debug|Any CPU.Build.0 = Debug|Any CPU
		{1CC585F4-72C5-4705-B99E-5EE287D70591}.Release|Any CPU.ActiveCfg = Release|Any CPU
		{1CC585F4-72C5-4705-B99E-5EE287D70591}.Release|Any CPU.Build.0 = Release|Any CPU
		{B56B4136-3D74-466C-A2B9-70DA7C4D1E02}.Debug|Any CPU.ActiveCfg = Debug|Any CPU
		{B56B4136-3D74-466C-A2B9-70DA7C4D1E02}.Debug|Any CPU.Build.0 = Debug|Any CPU
		{B56B4136-3D74-466C-A2B9-70DA7C4D1E02}.Release|Any CPU.ActiveCfg = Release|Any CPU
		{B56B4136-3D74-466C-A2B9-70DA7C4D1E02}.Release|Any CPU.Build.0 = Release|Any CPU
		{85C61D9E-397F-439E-9209-CD104C97DC9D}.Debug|Any CPU.ActiveCfg = Debug|Any CPU
		{85C61D9E-397F-439E-9209-CD104C97DC9D}.Debug|Any CPU.Build.0 = Debug|Any CPU
		{85C61D9E-397F-439E-9209-CD104C97DC9D}.Release|Any CPU.ActiveCfg = Release|Any CPU
		{85C61D9E-397F-439E-9209-CD104C97DC9D}.Release|Any CPU.Build.0 = Release|Any CPU
		{E8C1ECAB-A5F6-4EAA-80C7-7D2FCD21B8EB}.Debug|Any CPU.ActiveCfg = Debug|Any CPU
		{E8C1ECAB-A5F6-4EAA-80C7-7D2FCD21B8EB}.Debug|Any CPU.Build.0 = Debug|Any CPU
		{E8C1ECAB-A5F6-4EAA-80C7-7D2FCD21B8EB}.Release|Any CPU.ActiveCfg = Release|Any CPU
		{E8C1ECAB-A5F6-4EAA-80C7-7D2FCD21B8EB}.Release|Any CPU.Build.0 = Release|Any CPU
		{18F6E266-FA38-4E70-B11C-CFB77E3A3034}.Debug|Any CPU.ActiveCfg = Debug|Any CPU
		{18F6E266-FA38-4E70-B11C-CFB77E3A3034}.Debug|Any CPU.Build.0 = Debug|Any CPU
		{18F6E266-FA38-4E70-B11C-CFB77E3A3034}.Release|Any CPU.ActiveCfg = Release|Any CPU
		{18F6E266-FA38-4E70-B11C-CFB77E3A3034}.Release|Any CPU.Build.0 = Release|Any CPU
		{B27AC8CA-1F9D-438A-9907-9E7D451FF8D8}.Debug|Any CPU.ActiveCfg = Debug|Any CPU
		{B27AC8CA-1F9D-438A-9907-9E7D451FF8D8}.Debug|Any CPU.Build.0 = Debug|Any CPU
		{B27AC8CA-1F9D-438A-9907-9E7D451FF8D8}.Release|Any CPU.ActiveCfg = Release|Any CPU
		{B27AC8CA-1F9D-438A-9907-9E7D451FF8D8}.Release|Any CPU.Build.0 = Release|Any CPU
		{A7C95757-BAC8-4CEE-95F0-9D0F34264B90}.Debug|Any CPU.ActiveCfg = Debug|Any CPU
		{A7C95757-BAC8-4CEE-95F0-9D0F34264B90}.Debug|Any CPU.Build.0 = Debug|Any CPU
		{A7C95757-BAC8-4CEE-95F0-9D0F34264B90}.Release|Any CPU.ActiveCfg = Release|Any CPU
		{A7C95757-BAC8-4CEE-95F0-9D0F34264B90}.Release|Any CPU.Build.0 = Release|Any CPU
		{2DD43E58-CA1A-47E2-8D01-99849CDCD84B}.Debug|Any CPU.ActiveCfg = Debug|Any CPU
		{2DD43E58-CA1A-47E2-8D01-99849CDCD84B}.Debug|Any CPU.Build.0 = Debug|Any CPU
		{2DD43E58-CA1A-47E2-8D01-99849CDCD84B}.Release|Any CPU.ActiveCfg = Release|Any CPU
		{2DD43E58-CA1A-47E2-8D01-99849CDCD84B}.Release|Any CPU.Build.0 = Release|Any CPU
		{2D0F8D66-D755-497C-97F0-607FC087405D}.Debug|Any CPU.ActiveCfg = Debug|Any CPU
		{2D0F8D66-D755-497C-97F0-607FC087405D}.Debug|Any CPU.Build.0 = Debug|Any CPU
		{2D0F8D66-D755-497C-97F0-607FC087405D}.Release|Any CPU.ActiveCfg = Release|Any CPU
		{2D0F8D66-D755-497C-97F0-607FC087405D}.Release|Any CPU.Build.0 = Release|Any CPU
		{3D315B8D-C2B1-4884-9622-B0396F8E3FF9}.Debug|Any CPU.ActiveCfg = Debug|Any CPU
		{3D315B8D-C2B1-4884-9622-B0396F8E3FF9}.Debug|Any CPU.Build.0 = Debug|Any CPU
		{3D315B8D-C2B1-4884-9622-B0396F8E3FF9}.Release|Any CPU.ActiveCfg = Release|Any CPU
		{3D315B8D-C2B1-4884-9622-B0396F8E3FF9}.Release|Any CPU.Build.0 = Release|Any CPU
		{8EF2DA7E-3E43-4503-8F13-D9708130ADA5}.Debug|Any CPU.ActiveCfg = Debug|Any CPU
		{8EF2DA7E-3E43-4503-8F13-D9708130ADA5}.Debug|Any CPU.Build.0 = Debug|Any CPU
		{8EF2DA7E-3E43-4503-8F13-D9708130ADA5}.Release|Any CPU.ActiveCfg = Release|Any CPU
		{8EF2DA7E-3E43-4503-8F13-D9708130ADA5}.Release|Any CPU.Build.0 = Release|Any CPU
		{A3C70FCD-6F1F-4A1B-A29E-73EE315E567D}.Debug|Any CPU.ActiveCfg = Debug|Any CPU
		{A3C70FCD-6F1F-4A1B-A29E-73EE315E567D}.Debug|Any CPU.Build.0 = Debug|Any CPU
		{A3C70FCD-6F1F-4A1B-A29E-73EE315E567D}.Release|Any CPU.ActiveCfg = Release|Any CPU
		{A3C70FCD-6F1F-4A1B-A29E-73EE315E567D}.Release|Any CPU.Build.0 = Release|Any CPU
		{32EF049E-95CF-4D14-917F-45A576CC7EE1}.Debug|Any CPU.ActiveCfg = Debug|Any CPU
		{32EF049E-95CF-4D14-917F-45A576CC7EE1}.Debug|Any CPU.Build.0 = Debug|Any CPU
		{32EF049E-95CF-4D14-917F-45A576CC7EE1}.Release|Any CPU.ActiveCfg = Release|Any CPU
		{32EF049E-95CF-4D14-917F-45A576CC7EE1}.Release|Any CPU.Build.0 = Release|Any CPU
		{0AB302F5-6FEA-48DD-A030-257BC50F2A81}.Debug|Any CPU.ActiveCfg = Debug|Any CPU
		{0AB302F5-6FEA-48DD-A030-257BC50F2A81}.Debug|Any CPU.Build.0 = Debug|Any CPU
		{0AB302F5-6FEA-48DD-A030-257BC50F2A81}.Release|Any CPU.ActiveCfg = Release|Any CPU
		{0AB302F5-6FEA-48DD-A030-257BC50F2A81}.Release|Any CPU.Build.0 = Release|Any CPU
		{76878EB6-1725-4EDB-92DD-16C0C1B93222}.Debug|Any CPU.ActiveCfg = Debug|Any CPU
		{76878EB6-1725-4EDB-92DD-16C0C1B93222}.Debug|Any CPU.Build.0 = Debug|Any CPU
		{76878EB6-1725-4EDB-92DD-16C0C1B93222}.Release|Any CPU.ActiveCfg = Release|Any CPU
		{76878EB6-1725-4EDB-92DD-16C0C1B93222}.Release|Any CPU.Build.0 = Release|Any CPU
		{E94BEF6E-8453-4249-B7D2-AB7CD0735DF4}.Debug|Any CPU.ActiveCfg = Debug|Any CPU
		{E94BEF6E-8453-4249-B7D2-AB7CD0735DF4}.Debug|Any CPU.Build.0 = Debug|Any CPU
		{E94BEF6E-8453-4249-B7D2-AB7CD0735DF4}.Release|Any CPU.ActiveCfg = Release|Any CPU
		{E94BEF6E-8453-4249-B7D2-AB7CD0735DF4}.Release|Any CPU.Build.0 = Release|Any CPU
		{71D1A82F-BD50-4734-BE57-A01465B6C8EE}.Debug|Any CPU.ActiveCfg = Debug|Any CPU
		{71D1A82F-BD50-4734-BE57-A01465B6C8EE}.Debug|Any CPU.Build.0 = Debug|Any CPU
		{71D1A82F-BD50-4734-BE57-A01465B6C8EE}.Release|Any CPU.ActiveCfg = Release|Any CPU
		{71D1A82F-BD50-4734-BE57-A01465B6C8EE}.Release|Any CPU.Build.0 = Release|Any CPU
		{06F1B2AE-2220-48FE-BE8A-16DBA5774011}.Debug|Any CPU.ActiveCfg = Debug|Any CPU
		{06F1B2AE-2220-48FE-BE8A-16DBA5774011}.Debug|Any CPU.Build.0 = Debug|Any CPU
		{06F1B2AE-2220-48FE-BE8A-16DBA5774011}.Release|Any CPU.ActiveCfg = Release|Any CPU
		{06F1B2AE-2220-48FE-BE8A-16DBA5774011}.Release|Any CPU.Build.0 = Release|Any CPU
		{11ACA12F-46EF-4659-B33D-3C88B6D7C36A}.Debug|Any CPU.ActiveCfg = Debug|Any CPU
		{11ACA12F-46EF-4659-B33D-3C88B6D7C36A}.Debug|Any CPU.Build.0 = Debug|Any CPU
		{11ACA12F-46EF-4659-B33D-3C88B6D7C36A}.Release|Any CPU.ActiveCfg = Release|Any CPU
		{11ACA12F-46EF-4659-B33D-3C88B6D7C36A}.Release|Any CPU.Build.0 = Release|Any CPU
		{B675FBFB-3712-49E7-92D9-11C7BEE9FFBD}.Debug|Any CPU.ActiveCfg = Debug|Any CPU
		{B675FBFB-3712-49E7-92D9-11C7BEE9FFBD}.Debug|Any CPU.Build.0 = Debug|Any CPU
		{B675FBFB-3712-49E7-92D9-11C7BEE9FFBD}.Release|Any CPU.ActiveCfg = Release|Any CPU
		{B675FBFB-3712-49E7-92D9-11C7BEE9FFBD}.Release|Any CPU.Build.0 = Release|Any CPU
		{454227DA-8B09-4559-89B3-5DB2AD99F5A0}.Debug|Any CPU.ActiveCfg = Debug|Any CPU
		{454227DA-8B09-4559-89B3-5DB2AD99F5A0}.Debug|Any CPU.Build.0 = Debug|Any CPU
		{454227DA-8B09-4559-89B3-5DB2AD99F5A0}.Release|Any CPU.ActiveCfg = Release|Any CPU
		{454227DA-8B09-4559-89B3-5DB2AD99F5A0}.Release|Any CPU.Build.0 = Release|Any CPU
		{EB50DD4B-770C-4DC6-B62A-BD804E3BBA7E}.Debug|Any CPU.ActiveCfg = Debug|Any CPU
		{EB50DD4B-770C-4DC6-B62A-BD804E3BBA7E}.Debug|Any CPU.Build.0 = Debug|Any CPU
		{EB50DD4B-770C-4DC6-B62A-BD804E3BBA7E}.Release|Any CPU.ActiveCfg = Release|Any CPU
		{EB50DD4B-770C-4DC6-B62A-BD804E3BBA7E}.Release|Any CPU.Build.0 = Release|Any CPU
		{6915A7B9-974B-4789-8985-FF02F163C4F9}.Debug|Any CPU.ActiveCfg = Debug|Any CPU
		{6915A7B9-974B-4789-8985-FF02F163C4F9}.Debug|Any CPU.Build.0 = Debug|Any CPU
		{6915A7B9-974B-4789-8985-FF02F163C4F9}.Release|Any CPU.ActiveCfg = Release|Any CPU
		{6915A7B9-974B-4789-8985-FF02F163C4F9}.Release|Any CPU.Build.0 = Release|Any CPU
		{8AFCA957-2519-44BE-9728-0C86A021A64F}.Debug|Any CPU.ActiveCfg = Debug|Any CPU
		{8AFCA957-2519-44BE-9728-0C86A021A64F}.Debug|Any CPU.Build.0 = Debug|Any CPU
		{8AFCA957-2519-44BE-9728-0C86A021A64F}.Release|Any CPU.ActiveCfg = Release|Any CPU
		{8AFCA957-2519-44BE-9728-0C86A021A64F}.Release|Any CPU.Build.0 = Release|Any CPU
	EndGlobalSection
	GlobalSection(SolutionProperties) = preSolution
		HideSolutionNode = FALSE
	EndGlobalSection
	GlobalSection(ExtensibilityGlobals) = postSolution
		SolutionGuid = {6C19EDDF-818C-4F45-AA62-C80D389A04DA}
	EndGlobalSection
EndGlobal
